
Microsoft Visual Studio Solution File, Format Version 12.00
Project("{FAE04EC0-301F-11D3-BF4B-00C04F79EFBC}") = "TireCalculator", "TireCalculator\TireCalculator.csproj", "{3A450255-4A29-4367-BA4B-CD6249E54375}"
EndProject
Project("{FAE04EC0-301F-11D3-BF4B-00C04F79EFBC}") = "TireCalculatorOnRunningStint", "TireCalculatorOnRunningStint\TireCalculatorOnRunningStint.csproj", "{81D06DFF-0E14-42A6-99A1-E82640C666FD}"
EndProject
Global
	GlobalSection(SolutionConfigurationPlatforms) = preSolution
		Debug|Any CPU = Debug|Any CPU
		Release|Any CPU = Release|Any CPU
	EndGlobalSection
	GlobalSection(ProjectConfigurationPlatforms) = postSolution
		{3A450255-4A29-4367-BA4B-CD6249E54375}.Debug|Any CPU.ActiveCfg = Debug|Any CPU
		{3A450255-4A29-4367-BA4B-CD6249E54375}.Debug|Any CPU.Build.0 = Debug|Any CPU
		{3A450255-4A29-4367-BA4B-CD6249E54375}.Release|Any CPU.ActiveCfg = Release|Any CPU
		{3A450255-4A29-4367-BA4B-CD6249E54375}.Release|Any CPU.Build.0 = Release|Any CPU
		{81D06DFF-0E14-42A6-99A1-E82640C666FD}.Debug|Any CPU.ActiveCfg = Debug|Any CPU
		{81D06DFF-0E14-42A6-99A1-E82640C666FD}.Debug|Any CPU.Build.0 = Debug|Any CPU
		{81D06DFF-0E14-42A6-99A1-E82640C666FD}.Release|Any CPU.ActiveCfg = Release|Any CPU
		{81D06DFF-0E14-42A6-99A1-E82640C666FD}.Release|Any CPU.Build.0 = Release|Any CPU
	EndGlobalSection
EndGlobal
